// !$*UTF8*$!
{
	archiveVersion = 1;
	classes = {
	};
	objectVersion = 50;
	objects = {

/* Begin PBXBuildFile section */
		B7618043DAC9DF26885E761E /* Pods_MyLunch.framework in Frameworks */ = {isa = PBXBuildFile; fileRef = 740124328A6532B3D3C300D8 /* Pods_MyLunch.framework */; };
		D421EA73220EFB28002213B7 /* Login.storyboard in Resources */ = {isa = PBXBuildFile; fileRef = D421EA72220EFB28002213B7 /* Login.storyboard */; };
		D421EA75220F9077002213B7 /* LoginViewController.swift in Sources */ = {isa = PBXBuildFile; fileRef = D421EA74220F9077002213B7 /* LoginViewController.swift */; };
		D42B2DD2220E27CB002D3BC4 /* AppDelegate.swift in Sources */ = {isa = PBXBuildFile; fileRef = D42B2DD1220E27CB002D3BC4 /* AppDelegate.swift */; };
		D42B2DD4220E27CB002D3BC4 /* ViewController.swift in Sources */ = {isa = PBXBuildFile; fileRef = D42B2DD3220E27CB002D3BC4 /* ViewController.swift */; };
		D42B2DD7220E27CB002D3BC4 /* Main.storyboard in Resources */ = {isa = PBXBuildFile; fileRef = D42B2DD5220E27CB002D3BC4 /* Main.storyboard */; };
		D42B2DD9220E27CC002D3BC4 /* Assets.xcassets in Resources */ = {isa = PBXBuildFile; fileRef = D42B2DD8220E27CC002D3BC4 /* Assets.xcassets */; };
		D42B2DDC220E27CC002D3BC4 /* LaunchScreen.storyboard in Resources */ = {isa = PBXBuildFile; fileRef = D42B2DDA220E27CC002D3BC4 /* LaunchScreen.storyboard */; };
		D44950DC220FBC2000CFEDCC /* User.swift in Sources */ = {isa = PBXBuildFile; fileRef = D44950DB220FBC2000CFEDCC /* User.swift */; };
		D44950DE220FBE9100CFEDCC /* Post.swift in Sources */ = {isa = PBXBuildFile; fileRef = D44950DD220FBE9100CFEDCC /* Post.swift */; };
		D44950E0220FC14F00CFEDCC /* PostCollection.swift in Sources */ = {isa = PBXBuildFile; fileRef = D44950DF220FC14F00CFEDCC /* PostCollection.swift */; };
		D4900313220F975E00F0EA35 /* UIViewController.swift in Sources */ = {isa = PBXBuildFile; fileRef = D4900312220F975E00F0EA35 /* UIViewController.swift */; };
/* End PBXBuildFile section */

/* Begin PBXFileReference section */
		317579AB1832141F8034D7CA /* Pods-MyLunch.debug.xcconfig */ = {isa = PBXFileReference; includeInIndex = 1; lastKnownFileType = text.xcconfig; name = "Pods-MyLunch.debug.xcconfig"; path = "Target Support Files/Pods-MyLunch/Pods-MyLunch.debug.xcconfig"; sourceTree = "<group>"; };
		740124328A6532B3D3C300D8 /* Pods_MyLunch.framework */ = {isa = PBXFileReference; explicitFileType = wrapper.framework; includeInIndex = 0; path = Pods_MyLunch.framework; sourceTree = BUILT_PRODUCTS_DIR; };
		BE02904B5C6D8B9C5B8D598C /* Pods-MyLunch.release.xcconfig */ = {isa = PBXFileReference; includeInIndex = 1; lastKnownFileType = text.xcconfig; name = "Pods-MyLunch.release.xcconfig"; path = "Target Support Files/Pods-MyLunch/Pods-MyLunch.release.xcconfig"; sourceTree = "<group>"; };
		D421EA72220EFB28002213B7 /* Login.storyboard */ = {isa = PBXFileReference; lastKnownFileType = file.storyboard; path = Login.storyboard; sourceTree = "<group>"; };
		D421EA74220F9077002213B7 /* LoginViewController.swift */ = {isa = PBXFileReference; lastKnownFileType = sourcecode.swift; path = LoginViewController.swift; sourceTree = "<group>"; };
		D42B2DCE220E27CB002D3BC4 /* MyLunch.app */ = {isa = PBXFileReference; explicitFileType = wrapper.application; includeInIndex = 0; path = MyLunch.app; sourceTree = BUILT_PRODUCTS_DIR; };
		D42B2DD1220E27CB002D3BC4 /* AppDelegate.swift */ = {isa = PBXFileReference; lastKnownFileType = sourcecode.swift; path = AppDelegate.swift; sourceTree = "<group>"; };
		D42B2DD3220E27CB002D3BC4 /* ViewController.swift */ = {isa = PBXFileReference; lastKnownFileType = sourcecode.swift; path = ViewController.swift; sourceTree = "<group>"; };
		D42B2DD6220E27CB002D3BC4 /* Base */ = {isa = PBXFileReference; lastKnownFileType = file.storyboard; name = Base; path = Base.lproj/Main.storyboard; sourceTree = "<group>"; };
		D42B2DD8220E27CC002D3BC4 /* Assets.xcassets */ = {isa = PBXFileReference; lastKnownFileType = folder.assetcatalog; path = Assets.xcassets; sourceTree = "<group>"; };
		D42B2DDB220E27CC002D3BC4 /* Base */ = {isa = PBXFileReference; lastKnownFileType = file.storyboard; name = Base; path = Base.lproj/LaunchScreen.storyboard; sourceTree = "<group>"; };
		D42B2DDD220E27CC002D3BC4 /* Info.plist */ = {isa = PBXFileReference; lastKnownFileType = text.plist.xml; path = Info.plist; sourceTree = "<group>"; };
		D44950DB220FBC2000CFEDCC /* User.swift */ = {isa = PBXFileReference; lastKnownFileType = sourcecode.swift; path = User.swift; sourceTree = "<group>"; };
		D44950DD220FBE9100CFEDCC /* Post.swift */ = {isa = PBXFileReference; lastKnownFileType = sourcecode.swift; path = Post.swift; sourceTree = "<group>"; };
		D44950DF220FC14F00CFEDCC /* PostCollection.swift */ = {isa = PBXFileReference; lastKnownFileType = sourcecode.swift; path = PostCollection.swift; sourceTree = "<group>"; };
		D4900312220F975E00F0EA35 /* UIViewController.swift */ = {isa = PBXFileReference; lastKnownFileType = sourcecode.swift; path = UIViewController.swift; sourceTree = "<group>"; };
/* End PBXFileReference section */

/* Begin PBXFrameworksBuildPhase section */
		D42B2DCB220E27CB002D3BC4 /* Frameworks */ = {
			isa = PBXFrameworksBuildPhase;
			buildActionMask = 2147483647;
			files = (
				B7618043DAC9DF26885E761E /* Pods_MyLunch.framework in Frameworks */,
			);
			runOnlyForDeploymentPostprocessing = 0;
		};
/* End PBXFrameworksBuildPhase section */

/* Begin PBXGroup section */
		909970FAA4BBBA7E691E88CD /* Frameworks */ = {
			isa = PBXGroup;
			children = (
				740124328A6532B3D3C300D8 /* Pods_MyLunch.framework */,
			);
			name = Frameworks;
			sourceTree = "<group>";
		};
		D421EA71220EF989002213B7 /* Storyboards */ = {
			isa = PBXGroup;
			children = (
				D42B2DD5220E27CB002D3BC4 /* Main.storyboard */,
				D421EA72220EFB28002213B7 /* Login.storyboard */,
			);
			path = Storyboards;
			sourceTree = "<group>";
		};
		D42B2DC5220E27CB002D3BC4 = {
			isa = PBXGroup;
			children = (
				D42B2DD0220E27CB002D3BC4 /* MyLunch */,
				D42B2DCF220E27CB002D3BC4 /* Products */,
				F43553F50CBAFBE0CE6EEF5A /* Pods */,
				909970FAA4BBBA7E691E88CD /* Frameworks */,
			);
			sourceTree = "<group>";
		};
		D42B2DCF220E27CB002D3BC4 /* Products */ = {
			isa = PBXGroup;
			children = (
				D42B2DCE220E27CB002D3BC4 /* MyLunch.app */,
			);
			name = Products;
			sourceTree = "<group>";
		};
		D42B2DD0220E27CB002D3BC4 /* MyLunch */ = {
			isa = PBXGroup;
			children = (
				D44950DA220FBBC200CFEDCC /* Models */,
				D4900311220F971E00F0EA35 /* Extensions */,
				D421EA71220EF989002213B7 /* Storyboards */,
				D42B2DE3220E2EBD002D3BC4 /* Controllers */,
				D42B2DD1220E27CB002D3BC4 /* AppDelegate.swift */,
				D42B2DD8220E27CC002D3BC4 /* Assets.xcassets */,
				D42B2DDA220E27CC002D3BC4 /* LaunchScreen.storyboard */,
				D42B2DDD220E27CC002D3BC4 /* Info.plist */,
			);
			path = MyLunch;
			sourceTree = "<group>";
		};
		D42B2DE3220E2EBD002D3BC4 /* Controllers */ = {
			isa = PBXGroup;
			children = (
				D42B2DD3220E27CB002D3BC4 /* ViewController.swift */,
				D421EA74220F9077002213B7 /* LoginViewController.swift */,
			);
			path = Controllers;
			sourceTree = "<group>";
		};
		D44950DA220FBBC200CFEDCC /* Models */ = {
			isa = PBXGroup;
			children = (
				D44950DB220FBC2000CFEDCC /* User.swift */,
				D44950DD220FBE9100CFEDCC /* Post.swift */,
				D44950DF220FC14F00CFEDCC /* PostCollection.swift */,
			);
			path = Models;
			sourceTree = "<group>";
		};
		D4900311220F971E00F0EA35 /* Extensions */ = {
			isa = PBXGroup;
			children = (
				D4900312220F975E00F0EA35 /* UIViewController.swift */,
			);
			path = Extensions;
			sourceTree = "<group>";
		};
		F43553F50CBAFBE0CE6EEF5A /* Pods */ = {
			isa = PBXGroup;
			children = (
				317579AB1832141F8034D7CA /* Pods-MyLunch.debug.xcconfig */,
				BE02904B5C6D8B9C5B8D598C /* Pods-MyLunch.release.xcconfig */,
			);
			path = Pods;
			sourceTree = "<group>";
		};
/* End PBXGroup section */

/* Begin PBXNativeTarget section */
		D42B2DCD220E27CB002D3BC4 /* MyLunch */ = {
			isa = PBXNativeTarget;
			buildConfigurationList = D42B2DE0220E27CC002D3BC4 /* Build configuration list for PBXNativeTarget "MyLunch" */;
			buildPhases = (
				93497FF0BAE2E4025DBB440E /* [CP] Check Pods Manifest.lock */,
				D42B2DCA220E27CB002D3BC4 /* Sources */,
				D42B2DCB220E27CB002D3BC4 /* Frameworks */,
				D42B2DCC220E27CB002D3BC4 /* Resources */,
				EB2D9C1435598043A7B6BF47 /* [CP] Embed Pods Frameworks */,
			);
			buildRules = (
			);
			dependencies = (
			);
			name = MyLunch;
			productName = MyLunch;
			productReference = D42B2DCE220E27CB002D3BC4 /* MyLunch.app */;
			productType = "com.apple.product-type.application";
		};
/* End PBXNativeTarget section */

/* Begin PBXProject section */
		D42B2DC6220E27CB002D3BC4 /* Project object */ = {
			isa = PBXProject;
			attributes = {
				LastSwiftUpdateCheck = 1010;
				LastUpgradeCheck = 1010;
				ORGANIZATIONNAME = "奥城健太郎";
				TargetAttributes = {
					D42B2DCD220E27CB002D3BC4 = {
						CreatedOnToolsVersion = 10.1;
					};
				};
			};
			buildConfigurationList = D42B2DC9220E27CB002D3BC4 /* Build configuration list for PBXProject "MyLunch" */;
			compatibilityVersion = "Xcode 9.3";
			developmentRegion = en;
			hasScannedForEncodings = 0;
			knownRegions = (
				en,
				Base,
			);
			mainGroup = D42B2DC5220E27CB002D3BC4;
			productRefGroup = D42B2DCF220E27CB002D3BC4 /* Products */;
			projectDirPath = "";
			projectRoot = "";
			targets = (
				D42B2DCD220E27CB002D3BC4 /* MyLunch */,
			);
		};
/* End PBXProject section */

/* Begin PBXResourcesBuildPhase section */
		D42B2DCC220E27CB002D3BC4 /* Resources */ = {
			isa = PBXResourcesBuildPhase;
			buildActionMask = 2147483647;
			files = (
				D421EA73220EFB28002213B7 /* Login.storyboard in Resources */,
				D42B2DDC220E27CC002D3BC4 /* LaunchScreen.storyboard in Resources */,
				D42B2DD9220E27CC002D3BC4 /* Assets.xcassets in Resources */,
				D42B2DD7220E27CB002D3BC4 /* Main.storyboard in Resources */,
			);
			runOnlyForDeploymentPostprocessing = 0;
		};
/* End PBXResourcesBuildPhase section */

/* Begin PBXShellScriptBuildPhase section */
		93497FF0BAE2E4025DBB440E /* [CP] Check Pods Manifest.lock */ = {
			isa = PBXShellScriptBuildPhase;
			buildActionMask = 2147483647;
			files = (
			);
			inputFileListPaths = (
			);
			inputPaths = (
				"${PODS_PODFILE_DIR_PATH}/Podfile.lock",
				"${PODS_ROOT}/Manifest.lock",
			);
			name = "[CP] Check Pods Manifest.lock";
			outputFileListPaths = (
			);
			outputPaths = (
				"$(DERIVED_FILE_DIR)/Pods-MyLunch-checkManifestLockResult.txt",
			);
			runOnlyForDeploymentPostprocessing = 0;
			shellPath = /bin/sh;
			shellScript = "diff \"${PODS_PODFILE_DIR_PATH}/Podfile.lock\" \"${PODS_ROOT}/Manifest.lock\" > /dev/null\nif [ $? != 0 ] ; then\n    # print error to STDERR\n    echo \"error: The sandbox is not in sync with the Podfile.lock. Run 'pod install' or update your CocoaPods installation.\" >&2\n    exit 1\nfi\n# This output is used by Xcode 'outputs' to avoid re-running this script phase.\necho \"SUCCESS\" > \"${SCRIPT_OUTPUT_FILE_0}\"\n";
			showEnvVarsInLog = 0;
		};
		EB2D9C1435598043A7B6BF47 /* [CP] Embed Pods Frameworks */ = {
			isa = PBXShellScriptBuildPhase;
			buildActionMask = 2147483647;
			files = (
			);
			inputFileListPaths = (
			);
			inputPaths = (
				"${PODS_ROOT}/Target Support Files/Pods-MyLunch/Pods-MyLunch-frameworks.sh",
				"${BUILT_PRODUCTS_DIR}/GTMSessionFetcher/GTMSessionFetcher.framework",
				"${BUILT_PRODUCTS_DIR}/GoogleUtilities/GoogleUtilities.framework",
				"${BUILT_PRODUCTS_DIR}/nanopb/nanopb.framework",
			);
			name = "[CP] Embed Pods Frameworks";
			outputFileListPaths = (
			);
			outputPaths = (
				"${TARGET_BUILD_DIR}/${FRAMEWORKS_FOLDER_PATH}/GTMSessionFetcher.framework",
				"${TARGET_BUILD_DIR}/${FRAMEWORKS_FOLDER_PATH}/GoogleUtilities.framework",
				"${TARGET_BUILD_DIR}/${FRAMEWORKS_FOLDER_PATH}/nanopb.framework",
			);
			runOnlyForDeploymentPostprocessing = 0;
			shellPath = /bin/sh;
			shellScript = "\"${PODS_ROOT}/Target Support Files/Pods-MyLunch/Pods-MyLunch-frameworks.sh\"\n";
			showEnvVarsInLog = 0;
		};
/* End PBXShellScriptBuildPhase section */

/* Begin PBXSourcesBuildPhase section */
		D42B2DCA220E27CB002D3BC4 /* Sources */ = {
			isa = PBXSourcesBuildPhase;
			buildActionMask = 2147483647;
			files = (
				D421EA75220F9077002213B7 /* LoginViewController.swift in Sources */,
				D44950E0220FC14F00CFEDCC /* PostCollection.swift in Sources */,
				D42B2DD4220E27CB002D3BC4 /* ViewController.swift in Sources */,
				D4900313220F975E00F0EA35 /* UIViewController.swift in Sources */,
				D44950DE220FBE9100CFEDCC /* Post.swift in Sources */,
				D44950DC220FBC2000CFEDCC /* User.swift in Sources */,
				D42B2DD2220E27CB002D3BC4 /* AppDelegate.swift in Sources */,
			);
			runOnlyForDeploymentPostprocessing = 0;
		};
/* End PBXSourcesBuildPhase section */

/* Begin PBXVariantGroup section */
		D42B2DD5220E27CB002D3BC4 /* Main.storyboard */ = {
			isa = PBXVariantGroup;
			children = (
				D42B2DD6220E27CB002D3BC4 /* Base */,
			);
			name = Main.storyboard;
			sourceTree = "<group>";
		};
		D42B2DDA220E27CC002D3BC4 /* LaunchScreen.storyboard */ = {
			isa = PBXVariantGroup;
			children = (
				D42B2DDB220E27CC002D3BC4 /* Base */,
			);
			name = LaunchScreen.storyboard;
			sourceTree = "<group>";
		};
/* End PBXVariantGroup section */

/* Begin XCBuildConfiguration section */
		D42B2DDE220E27CC002D3BC4 /* Debug */ = {
			isa = XCBuildConfiguration;
			buildSettings = {
				ALWAYS_SEARCH_USER_PATHS = NO;
				CLANG_ANALYZER_NONNULL = YES;
				CLANG_ANALYZER_NUMBER_OBJECT_CONVERSION = YES_AGGRESSIVE;
				CLANG_CXX_LANGUAGE_STANDARD = "gnu++14";
				CLANG_CXX_LIBRARY = "libc++";
				CLANG_ENABLE_MODULES = YES;
				CLANG_ENABLE_OBJC_ARC = YES;
				CLANG_ENABLE_OBJC_WEAK = YES;
				CLANG_WARN_BLOCK_CAPTURE_AUTORELEASING = YES;
				CLANG_WARN_BOOL_CONVERSION = YES;
				CLANG_WARN_COMMA = YES;
				CLANG_WARN_CONSTANT_CONVERSION = YES;
				CLANG_WARN_DEPRECATED_OBJC_IMPLEMENTATIONS = YES;
				CLANG_WARN_DIRECT_OBJC_ISA_USAGE = YES_ERROR;
				CLANG_WARN_DOCUMENTATION_COMMENTS = YES;
				CLANG_WARN_EMPTY_BODY = YES;
				CLANG_WARN_ENUM_CONVERSION = YES;
				CLANG_WARN_INFINITE_RECURSION = YES;
				CLANG_WARN_INT_CONVERSION = YES;
				CLANG_WARN_NON_LITERAL_NULL_CONVERSION = YES;
				CLANG_WARN_OBJC_IMPLICIT_RETAIN_SELF = YES;
				CLANG_WARN_OBJC_LITERAL_CONVERSION = YES;
				CLANG_WARN_OBJC_ROOT_CLASS = YES_ERROR;
				CLANG_WARN_RANGE_LOOP_ANALYSIS = YES;
				CLANG_WARN_STRICT_PROTOTYPES = YES;
				CLANG_WARN_SUSPICIOUS_MOVE = YES;
				CLANG_WARN_UNGUARDED_AVAILABILITY = YES_AGGRESSIVE;
				CLANG_WARN_UNREACHABLE_CODE = YES;
				CLANG_WARN__DUPLICATE_METHOD_MATCH = YES;
				CODE_SIGN_IDENTITY = "iPhone Developer";
				COPY_PHASE_STRIP = NO;
				DEBUG_INFORMATION_FORMAT = dwarf;
				ENABLE_STRICT_OBJC_MSGSEND = YES;
				ENABLE_TESTABILITY = YES;
				GCC_C_LANGUAGE_STANDARD = gnu11;
				GCC_DYNAMIC_NO_PIC = NO;
				GCC_NO_COMMON_BLOCKS = YES;
				GCC_OPTIMIZATION_LEVEL = 0;
				GCC_PREPROCESSOR_DEFINITIONS = (
					"DEBUG=1",
					"$(inherited)",
				);
				GCC_WARN_64_TO_32_BIT_CONVERSION = YES;
				GCC_WARN_ABOUT_RETURN_TYPE = YES_ERROR;
				GCC_WARN_UNDECLARED_SELECTOR = YES;
				GCC_WARN_UNINITIALIZED_AUTOS = YES_AGGRESSIVE;
				GCC_WARN_UNUSED_FUNCTION = YES;
				GCC_WARN_UNUSED_VARIABLE = YES;
				IPHONEOS_DEPLOYMENT_TARGET = 12.1;
				MTL_ENABLE_DEBUG_INFO = INCLUDE_SOURCE;
				MTL_FAST_MATH = YES;
				ONLY_ACTIVE_ARCH = YES;
				SDKROOT = iphoneos;
				SWIFT_ACTIVE_COMPILATION_CONDITIONS = DEBUG;
				SWIFT_OPTIMIZATION_LEVEL = "-Onone";
			};
			name = Debug;
		};
		D42B2DDF220E27CC002D3BC4 /* Release */ = {
			isa = XCBuildConfiguration;
			buildSettings = {
				ALWAYS_SEARCH_USER_PATHS = NO;
				CLANG_ANALYZER_NONNULL = YES;
				CLANG_ANALYZER_NUMBER_OBJECT_CONVERSION = YES_AGGRESSIVE;
				CLANG_CXX_LANGUAGE_STANDARD = "gnu++14";
				CLANG_CXX_LIBRARY = "libc++";
				CLANG_ENABLE_MODULES = YES;
				CLANG_ENABLE_OBJC_ARC = YES;
				CLANG_ENABLE_OBJC_WEAK = YES;
				CLANG_WARN_BLOCK_CAPTURE_AUTORELEASING = YES;
				CLANG_WARN_BOOL_CONVERSION = YES;
				CLANG_WARN_COMMA = YES;
				CLANG_WARN_CONSTANT_CONVERSION = YES;
				CLANG_WARN_DEPRECATED_OBJC_IMPLEMENTATIONS = YES;
				CLANG_WARN_DIRECT_OBJC_ISA_USAGE = YES_ERROR;
				CLANG_WARN_DOCUMENTATION_COMMENTS = YES;
				CLANG_WARN_EMPTY_BODY = YES;
				CLANG_WARN_ENUM_CONVERSION = YES;
				CLANG_WARN_INFINITE_RECURSION = YES;
				CLANG_WARN_INT_CONVERSION = YES;
				CLANG_WARN_NON_LITERAL_NULL_CONVERSION = YES;
				CLANG_WARN_OBJC_IMPLICIT_RETAIN_SELF = YES;
				CLANG_WARN_OBJC_LITERAL_CONVERSION = YES;
				CLANG_WARN_OBJC_ROOT_CLASS = YES_ERROR;
				CLANG_WARN_RANGE_LOOP_ANALYSIS = YES;
				CLANG_WARN_STRICT_PROTOTYPES = YES;
				CLANG_WARN_SUSPICIOUS_MOVE = YES;
				CLANG_WARN_UNGUARDED_AVAILABILITY = YES_AGGRESSIVE;
				CLANG_WARN_UNREACHABLE_CODE = YES;
				CLANG_WARN__DUPLICATE_METHOD_MATCH = YES;
				CODE_SIGN_IDENTITY = "iPhone Developer";
				COPY_PHASE_STRIP = NO;
				DEBUG_INFORMATION_FORMAT = "dwarf-with-dsym";
				ENABLE_NS_ASSERTIONS = NO;
				ENABLE_STRICT_OBJC_MSGSEND = YES;
				GCC_C_LANGUAGE_STANDARD = gnu11;
				GCC_NO_COMMON_BLOCKS = YES;
				GCC_WARN_64_TO_32_BIT_CONVERSION = YES;
				GCC_WARN_ABOUT_RETURN_TYPE = YES_ERROR;
				GCC_WARN_UNDECLARED_SELECTOR = YES;
				GCC_WARN_UNINITIALIZED_AUTOS = YES_AGGRESSIVE;
				GCC_WARN_UNUSED_FUNCTION = YES;
				GCC_WARN_UNUSED_VARIABLE = YES;
				IPHONEOS_DEPLOYMENT_TARGET = 12.1;
				MTL_ENABLE_DEBUG_INFO = NO;
				MTL_FAST_MATH = YES;
				SDKROOT = iphoneos;
				SWIFT_COMPILATION_MODE = wholemodule;
				SWIFT_OPTIMIZATION_LEVEL = "-O";
				VALIDATE_PRODUCT = YES;
			};
			name = Release;
		};
		D42B2DE1220E27CC002D3BC4 /* Debug */ = {
			isa = XCBuildConfiguration;
			baseConfigurationReference = 317579AB1832141F8034D7CA /* Pods-MyLunch.debug.xcconfig */;
			buildSettings = {
				ASSETCATALOG_COMPILER_APPICON_NAME = AppIcon;
				CODE_SIGN_STYLE = Automatic;
				DEVELOPMENT_TEAM = 3U6UDFBN33;
				INFOPLIST_FILE = MyLunch/Info.plist;
				LD_RUNPATH_SEARCH_PATHS = (
					"$(inherited)",
					"@executable_path/Frameworks",
				);
				PRODUCT_BUNDLE_IDENTIFIER = okushiro.MyLunch;
				PRODUCT_NAME = "$(TARGET_NAME)";
				SWIFT_VERSION = 4.2;
				TARGETED_DEVICE_FAMILY = "1,2";
			};
			name = Debug;
		};
		D42B2DE2220E27CC002D3BC4 /* Release */ = {
			isa = XCBuildConfiguration;
			baseConfigurationReference = BE02904B5C6D8B9C5B8D598C /* Pods-MyLunch.release.xcconfig */;
			buildSettings = {
				ASSETCATALOG_COMPILER_APPICON_NAME = AppIcon;
				CODE_SIGN_STYLE = Automatic;
				DEVELOPMENT_TEAM = 3U6UDFBN33;
				INFOPLIST_FILE = MyLunch/Info.plist;
				LD_RUNPATH_SEARCH_PATHS = (
					"$(inherited)",
					"@executable_path/Frameworks",
				);
				PRODUCT_BUNDLE_IDENTIFIER = okushiro.MyLunch;
				PRODUCT_NAME = "$(TARGET_NAME)";
				SWIFT_VERSION = 4.2;
				TARGETED_DEVICE_FAMILY = "1,2";
			};
			name = Release;
		};
/* End XCBuildConfiguration section */

/* Begin XCConfigurationList section */
		D42B2DC9220E27CB002D3BC4 /* Build configuration list for PBXProject "MyLunch" */ = {
			isa = XCConfigurationList;
			buildConfigurations = (
				D42B2DDE220E27CC002D3BC4 /* Debug */,
				D42B2DDF220E27CC002D3BC4 /* Release */,
			);
			defaultConfigurationIsVisible = 0;
			defaultConfigurationName = Release;
		};
		D42B2DE0220E27CC002D3BC4 /* Build configuration list for PBXNativeTarget "MyLunch" */ = {
			isa = XCConfigurationList;
			buildConfigurations = (
				D42B2DE1220E27CC002D3BC4 /* Debug */,
				D42B2DE2220E27CC002D3BC4 /* Release */,
			);
			defaultConfigurationIsVisible = 0;
			defaultConfigurationName = Release;
		};
/* End XCConfigurationList section */
	};
	rootObject = D42B2DC6220E27CB002D3BC4 /* Project object */;
}
